
Microsoft Visual Studio Solution File, Format Version 12.00
# Visual Studio Version 16
VisualStudioVersion = 16.0.31702.278
MinimumVisualStudioVersion = 10.0.40219.1
Project("{FAE04EC0-301F-11D3-BF4B-00C04F79EFBC}") = "BlazorSWANuget", "BlazorSWANuget\BlazorSWANuget.csproj", "{431AC756-E21A-47E6-8D84-EF3D6B8A9AEB}"
EndProject
Global
	GlobalSection(SolutionConfigurationPlatforms) = preSolution
		Debug|Any CPU = Debug|Any CPU
		Release|Any CPU = Release|Any CPU
	EndGlobalSection
	GlobalSection(ProjectConfigurationPlatforms) = postSolution
		{431AC756-E21A-47E6-8D84-EF3D6B8A9AEB}.Debug|Any CPU.ActiveCfg = Debug|Any CPU
		{431AC756-E21A-47E6-8D84-EF3D6B8A9AEB}.Debug|Any CPU.Build.0 = Debug|Any CPU
		{431AC756-E21A-47E6-8D84-EF3D6B8A9AEB}.Release|Any CPU.ActiveCfg = Release|Any CPU
		{431AC756-E21A-47E6-8D84-EF3D6B8A9AEB}.Release|Any CPU.Build.0 = Release|Any CPU
	EndGlobalSection
	GlobalSection(SolutionProperties) = preSolution
		HideSolutionNode = FALSE
	EndGlobalSection
	GlobalSection(ExtensibilityGlobals) = postSolution
		SolutionGuid = {D4787A0C-8B35-4076-8546-9D2720E68540}
	EndGlobalSection
EndGlobal
